
Microsoft Visual Studio Solution File, Format Version 12.00
# Visual Studio Version 17
VisualStudioVersion = 17.5.33424.131
MinimumVisualStudioVersion = 10.0.40219.1
Project("{FAE04EC0-301F-11D3-BF4B-00C04F79EFBC}") = "FinancialOverview", "FinancialOverview\FinancialOverview.csproj", "{1EA50FD5-2748-4DC5-8BA1-82C0C73DA6DC}"
EndProject
Project("{FAE04EC0-301F-11D3-BF4B-00C04F79EFBC}") = "WinFormsFinance", "WinFormsApp\WinFormsFinance.csproj", "{5B94802F-2E29-4495-9A3E-438518A77953}"
EndProject
Project("{9A19103F-16F7-4668-BE54-9A1E7A4F7556}") = "MauiMoneyMate", "MauiMoneyMate\MauiMoneyMate.csproj", "{C583CDED-9618-4A47-88D7-74897D84842B}"
EndProject
Global
	GlobalSection(SolutionConfigurationPlatforms) = preSolution
		Debug|Any CPU = Debug|Any CPU
		Debug|x64 = Debug|x64
		Debug|x86 = Debug|x86
		Release|Any CPU = Release|Any CPU
		Release|x64 = Release|x64
		Release|x86 = Release|x86
	EndGlobalSection
	GlobalSection(ProjectConfigurationPlatforms) = postSolution
		{1EA50FD5-2748-4DC5-8BA1-82C0C73DA6DC}.Debug|Any CPU.ActiveCfg = Debug|Any CPU
		{1EA50FD5-2748-4DC5-8BA1-82C0C73DA6DC}.Debug|Any CPU.Build.0 = Debug|Any CPU
		{1EA50FD5-2748-4DC5-8BA1-82C0C73DA6DC}.Debug|x64.ActiveCfg = Debug|Any CPU
		{1EA50FD5-2748-4DC5-8BA1-82C0C73DA6DC}.Debug|x64.Build.0 = Debug|Any CPU
		{1EA50FD5-2748-4DC5-8BA1-82C0C73DA6DC}.Debug|x86.ActiveCfg = Debug|Any CPU
		{1EA50FD5-2748-4DC5-8BA1-82C0C73DA6DC}.Debug|x86.Build.0 = Debug|Any CPU
		{1EA50FD5-2748-4DC5-8BA1-82C0C73DA6DC}.Release|Any CPU.ActiveCfg = Release|Any CPU
		{1EA50FD5-2748-4DC5-8BA1-82C0C73DA6DC}.Release|Any CPU.Build.0 = Release|Any CPU
		{1EA50FD5-2748-4DC5-8BA1-82C0C73DA6DC}.Release|x64.ActiveCfg = Release|Any CPU
		{1EA50FD5-2748-4DC5-8BA1-82C0C73DA6DC}.Release|x64.Build.0 = Release|Any CPU
		{1EA50FD5-2748-4DC5-8BA1-82C0C73DA6DC}.Release|x86.ActiveCfg = Release|Any CPU
		{1EA50FD5-2748-4DC5-8BA1-82C0C73DA6DC}.Release|x86.Build.0 = Release|Any CPU
		{5B94802F-2E29-4495-9A3E-438518A77953}.Debug|Any CPU.ActiveCfg = Debug|Any CPU
		{5B94802F-2E29-4495-9A3E-438518A77953}.Debug|Any CPU.Build.0 = Debug|Any CPU
		{5B94802F-2E29-4495-9A3E-438518A77953}.Debug|x64.ActiveCfg = Debug|Any CPU
		{5B94802F-2E29-4495-9A3E-438518A77953}.Debug|x64.Build.0 = Debug|Any CPU
		{5B94802F-2E29-4495-9A3E-438518A77953}.Debug|x86.ActiveCfg = Debug|Any CPU
		{5B94802F-2E29-4495-9A3E-438518A77953}.Debug|x86.Build.0 = Debug|Any CPU
		{5B94802F-2E29-4495-9A3E-438518A77953}.Release|Any CPU.ActiveCfg = Release|Any CPU
		{5B94802F-2E29-4495-9A3E-438518A77953}.Release|Any CPU.Build.0 = Release|Any CPU
		{5B94802F-2E29-4495-9A3E-438518A77953}.Release|x64.ActiveCfg = Release|Any CPU
		{5B94802F-2E29-4495-9A3E-438518A77953}.Release|x64.Build.0 = Release|Any CPU
		{5B94802F-2E29-4495-9A3E-438518A77953}.Release|x86.ActiveCfg = Release|Any CPU
		{5B94802F-2E29-4495-9A3E-438518A77953}.Release|x86.Build.0 = Release|Any CPU
		{C583CDED-9618-4A47-88D7-74897D84842B}.Debug|Any CPU.ActiveCfg = Debug|Any CPU
		{C583CDED-9618-4A47-88D7-74897D84842B}.Debug|Any CPU.Build.0 = Debug|Any CPU
		{C583CDED-9618-4A47-88D7-74897D84842B}.Debug|Any CPU.Deploy.0 = Debug|Any CPU
		{C583CDED-9618-4A47-88D7-74897D84842B}.Debug|x64.ActiveCfg = Debug|Any CPU
		{C583CDED-9618-4A47-88D7-74897D84842B}.Debug|x64.Build.0 = Debug|Any CPU
		{C583CDED-9618-4A47-88D7-74897D84842B}.Debug|x64.Deploy.0 = Debug|Any CPU
		{C583CDED-9618-4A47-88D7-74897D84842B}.Debug|x86.ActiveCfg = Debug|Any CPU
		{C583CDED-9618-4A47-88D7-74897D84842B}.Debug|x86.Build.0 = Debug|Any CPU
		{C583CDED-9618-4A47-88D7-74897D84842B}.Debug|x86.Deploy.0 = Debug|Any CPU
		{C583CDED-9618-4A47-88D7-74897D84842B}.Release|Any CPU.ActiveCfg = Release|Any CPU
		{C583CDED-9618-4A47-88D7-74897D84842B}.Release|Any CPU.Build.0 = Release|Any CPU
		{C583CDED-9618-4A47-88D7-74897D84842B}.Release|Any CPU.Deploy.0 = Release|Any CPU
		{C583CDED-9618-4A47-88D7-74897D84842B}.Release|x64.ActiveCfg = Release|Any CPU
		{C583CDED-9618-4A47-88D7-74897D84842B}.Release|x64.Build.0 = Release|Any CPU
		{C583CDED-9618-4A47-88D7-74897D84842B}.Release|x64.Deploy.0 = Release|Any CPU
		{C583CDED-9618-4A47-88D7-74897D84842B}.Release|x86.ActiveCfg = Release|Any CPU
		{C583CDED-9618-4A47-88D7-74897D84842B}.Release|x86.Build.0 = Release|Any CPU
		{C583CDED-9618-4A47-88D7-74897D84842B}.Release|x86.Deploy.0 = Release|Any CPU
	EndGlobalSection
	GlobalSection(SolutionProperties) = preSolution
		HideSolutionNode = FALSE
	EndGlobalSection
	GlobalSection(ExtensibilityGlobals) = postSolution
		SolutionGuid = {A7BA8B76-42B5-4121-9D25-80D38F0A5CD0}
	EndGlobalSection
EndGlobal
